<?xml version="1.0" encoding="utf-8"?>
<Project ToolsVersion="4.0" xmlns="http://schemas.microsoft.com/developer/msbuild/2003">
  <ItemGroup>
    <Filter Include="Source Files">
      <UniqueIdentifier>{4FC737F1-C7A5-4376-A066-2A32D752A2FF}</UniqueIdentifier>
      <Extensions>cpp;c;cc;cxx;def;odl;idl;hpj;bat;asm;asmx</Extensions>
    </Filter>
    <Filter Include="Header Files">
      <UniqueIdentifier>{93995380-89BD-4b04-88EB-625FBE52EBFB}</UniqueIdentifier>
      <Extensions>h;hh;hpp;hxx;hm;inl;inc;xsd</Extensions>
    </Filter>
    <Filter Include="Resource Files">
      <UniqueIdentifier>{67DA6AB6-F800-4c08-8B7A-83BB121AAD01}</UniqueIdentifier>
      <Extensions>rc;ico;cur;bmp;dlg;rc2;rct;bin;rgs;gif;jpg;jpeg;jpe;resx;tiff;tif;png;wav;mfcribbon-ms</Extensions>
    </Filter>
    <Filter Include="Header Files\Librarys">
      <UniqueIdentifier>{f9350cae-e0e5-4b5c-b1cf-1f8a4873c79c}</UniqueIdentifier>
    </Filter>
    <Filter Include="Source Files\Library">
      <UniqueIdentifier>{c4951fb4-22ba-4d34-918c-36284371e0d5}</UniqueIdentifier>
    </Filter>
    <Filter Include="Header Files\Entities">
      <UniqueIdentifier>{ece911dc-f406-4c4a-aacf-c240ed1c8341}</UniqueIdentifier>
    </Filter>
    <Filter Include="Source Files\Entities">
      <UniqueIdentifier>{9e018f63-f516-43dd-8f6a-d373c44c5c83}</UniqueIdentifier>
    </Filter>
    <Filter Include="Header Files\Components">
      <UniqueIdentifier>{91f56e9f-594f-437f-b235-81229c207680}</UniqueIdentifier>
    </Filter>
    <Filter Include="Source Files\Components">
      <UniqueIdentifier>{8572132d-4af4-4194-9148-14e4b885f70e}</UniqueIdentifier>
    </Filter>
    <Filter Include="Header Files\Scenes">
      <UniqueIdentifier>{32650af6-6fdb-4745-bfa3-9b566caa007a}</UniqueIdentifier>
    </Filter>
    <Filter Include="Source Files\Scenes">
      <UniqueIdentifier>{3ff7a4e7-a4b5-4780-928b-743f6ecbf9d0}</UniqueIdentifier>
    </Filter>
    <Filter Include="Header Files\Helper">
      <UniqueIdentifier>{8dc15131-50db-4a83-a8d5-b81e96fae0bd}</UniqueIdentifier>
    </Filter>
    <Filter Include="Source Files\Helper">
      <UniqueIdentifier>{300a294a-2846-4838-b50d-53554e97f7e7}</UniqueIdentifier>
    </Filter>
    <Filter Include="Header Files\Entities\bullets">
      <UniqueIdentifier>{4f1ff841-0f03-47fa-a9eb-3a913e36b109}</UniqueIdentifier>
    </Filter>
    <Filter Include="Source Files\Entities\bullets">
      <UniqueIdentifier>{61bc510f-c239-4e1f-b619-df9b6c2d68aa}</UniqueIdentifier>
    </Filter>
    <Filter Include="Header Files\SpriteObjects">
      <UniqueIdentifier>{882dcee2-5501-44b0-8c5e-dc9e953bb86b}</UniqueIdentifier>
    </Filter>
    <Filter Include="Source Files\SpriteObjects">
      <UniqueIdentifier>{5e5ec799-1420-49c4-abea-39b975af93b7}</UniqueIdentifier>
    </Filter>
  </ItemGroup>
  <ItemGroup>
    <ClInclude Include="src\GraphicsLibrary.h">
      <Filter>Header Files</Filter>
    </ClInclude>
    <ClInclude Include="src\SDL_GraphicsLibrary.h">
      <Filter>Header Files</Filter>
    </ClInclude>
    <ClInclude Include="src\SDL_TextToFont.h">
      <Filter>Header Files\Librarys</Filter>
    </ClInclude>
    <ClInclude Include="src\SDL_AudioLibrary.h">
      <Filter>Header Files\Librarys</Filter>
    </ClInclude>
    <ClInclude Include="src\SDL_ImageLibrary.h">
      <Filter>Header Files\Librarys</Filter>
    </ClInclude>
    <ClInclude Include="src\Game.h">
      <Filter>Header Files</Filter>
    </ClInclude>
    <ClInclude Include="src\Entity.h">
      <Filter>Header Files\Entities</Filter>
    </ClInclude>
    <ClInclude Include="src\IScene.h">
      <Filter>Header Files\Scenes</Filter>
    </ClInclude>
    <ClInclude Include="src\IComponent.h">
      <Filter>Header Files\Components</Filter>
    </ClInclude>
    <ClInclude Include="src\TestScene.h">
      <Filter>Header Files\Scenes</Filter>
    </ClInclude>
    <ClInclude Include="src\Frame.h">
      <Filter>Header Files\Helper</Filter>
    </ClInclude>
    <ClInclude Include="src\Animation.h">
      <Filter>Header Files\Helper</Filter>
    </ClInclude>
    <ClInclude Include="src\AnimationSet.h">
      <Filter>Header Files\Helper</Filter>
    </ClInclude>
    <ClInclude Include="src\Globals.h">
      <Filter>Header Files</Filter>
    </ClInclude>
    <ClInclude Include="src\Sprite.h">
      <Filter>Header Files\Helper</Filter>
    </ClInclude>
    <ClInclude Include="src\Helper_Functions.h">
      <Filter>Header Files\Helper</Filter>
    </ClInclude>
    <ClInclude Include="src\Movable.h">
      <Filter>Header Files\Components</Filter>
    </ClInclude>
    <ClInclude Include="src\TimeController.h">
      <Filter>Header Files</Filter>
    </ClInclude>
    <ClInclude Include="src\KeyboardInput.h">
      <Filter>Header Files\Components</Filter>
    </ClInclude>
    <ClInclude Include="src\Health.h">
      <Filter>Header Files\Components</Filter>
    </ClInclude>
    <ClInclude Include="src\MathHelper.h">
      <Filter>Header Files\Helper</Filter>
    </ClInclude>
    <ClInclude Include="src\Bullet.h">
      <Filter>Header Files\Entities</Filter>
    </ClInclude>
    <ClInclude Include="src\ShotEntity.h">
      <Filter>Header Files\Components</Filter>
    </ClInclude>
    <ClInclude Include="src\HitBox.h">
      <Filter>Header Files\Components</Filter>
    </ClInclude>
    <ClInclude Include="src\PowerUp.h">
      <Filter>Header Files\Entities</Filter>
    </ClInclude>
    <ClInclude Include="src\Wall.h">
      <Filter>Header Files\Entities</Filter>
    </ClInclude>
    <ClInclude Include="src\UtilMethods.h">
      <Filter>Header Files\Helper</Filter>
    </ClInclude>
    <ClInclude Include="src\SpriteManager.h">
      <Filter>Header Files\Librarys</Filter>
    </ClInclude>
    <ClInclude Include="src\CollisionBox.h">
      <Filter>Header Files\Components</Filter>
    </ClInclude>
    <ClInclude Include="src\DirtWall.h">
      <Filter>Header Files\Entities</Filter>
    </ClInclude>
    <ClInclude Include="src\Controller.h">
      <Filter>Header Files\Components</Filter>
    </ClInclude>
    <ClInclude Include="src\Buttons.h">
      <Filter>Header Files\Librarys</Filter>
    </ClInclude>
    <ClInclude Include="src\TitleScene.h">
      <Filter>Header Files\Scenes</Filter>
    </ClInclude>
    <ClInclude Include="src\SceneManager.h">
      <Filter>Header Files\Librarys</Filter>
    </ClInclude>
    <ClInclude Include="src\Tank.h">
      <Filter>Header Files\Entities</Filter>
    </ClInclude>
    <ClInclude Include="src\Player.h">
      <Filter>Header Files\Entities</Filter>
    </ClInclude>
    <ClInclude Include="src\Menu.h">
      <Filter>Header Files\Entities</Filter>
    </ClInclude>
    <ClInclude Include="src\Inputtracker.h">
      <Filter>Header Files</Filter>
    </ClInclude>
    <ClInclude Include="src\Keyboard.h">
      <Filter>Header Files\Components</Filter>
    </ClInclude>
    <ClInclude Include="src\CpuTank.h">
      <Filter>Header Files\Entities</Filter>
    </ClInclude>
    <ClInclude Include="src\TankControlledTank.h">
      <Filter>Header Files\Entities</Filter>
    </ClInclude>
    <ClInclude Include="src\Lob_Bullet.h">
      <Filter>Header Files\Entities\bullets</Filter>
    </ClInclude>
    <ClInclude Include="src\Explosion.h">
      <Filter>Header Files\Entities\bullets</Filter>
    </ClInclude>
    <ClInclude Include="src\HealthBar.h">
      <Filter>Header Files\SpriteObjects</Filter>
    </ClInclude>
    <ClInclude Include="src\SpriteObjects.h">
      <Filter>Header Files\SpriteObjects</Filter>
    </ClInclude>
    <ClInclude Include="src\Map.h">
      <Filter>Header Files\Librarys</Filter>
    </ClInclude>
    <ClInclude Include="src\MapSpot.h">
      <Filter>Header Files\Librarys</Filter>
    </ClInclude>
    <ClInclude Include="src\DateTime.h">
      <Filter>Header Files\Librarys</Filter>
    </ClInclude>
    <ClInclude Include="src\DecisionTree.h">
      <Filter>Header Files\Librarys</Filter>
    </ClInclude>
    <ClInclude Include="src\GridEntity.h">
      <Filter>Header Files\Librarys</Filter>
    </ClInclude>
    <ClInclude Include="src\FrameCounterSpriteObject.h">
      <Filter>Header Files\SpriteObjects</Filter>
    </ClInclude>
    <ClInclude Include="src\Boarder.h">
      <Filter>Header Files\Entities</Filter>
    </ClInclude>
  </ItemGroup>
  <ItemGroup>
    <ClCompile Include="src\SDL_GraphicsLibrary.cpp">
      <Filter>Source Files</Filter>
    </ClCompile>
    <ClCompile Include="src\SDL_TextToFontLibrary.cpp">
      <Filter>Source Files\Library</Filter>
    </ClCompile>
    <ClCompile Include="src\SDL_AudioLibrary.cpp">
      <Filter>Source Files\Library</Filter>
    </ClCompile>
    <ClCompile Include="src\SDL_ImageLibrary.cpp">
      <Filter>Source Files\Library</Filter>
    </ClCompile>
    <ClCompile Include="src\main.cpp">
      <Filter>Source Files</Filter>
    </ClCompile>
    <ClCompile Include="src\Game.cpp">
      <Filter>Source Files</Filter>
    </ClCompile>
    <ClCompile Include="src\Enitity.cpp">
      <Filter>Source Files\Entities</Filter>
    </ClCompile>
    <ClCompile Include="src\IScene.cpp">
      <Filter>Source Files\Scenes</Filter>
    </ClCompile>
    <ClCompile Include="src\TestScene.cpp">
      <Filter>Source Files\Scenes</Filter>
    </ClCompile>
    <ClCompile Include="src\Frame.cpp">
      <Filter>Source Files\Helper</Filter>
    </ClCompile>
    <ClCompile Include="src\Animation.cpp">
      <Filter>Source Files\Helper</Filter>
    </ClCompile>
    <ClCompile Include="src\AnimationSet.cpp">
      <Filter>Source Files\Helper</Filter>
    </ClCompile>
    <ClCompile Include="src\Helper_Functions.cpp">
      <Filter>Source Files\Helper</Filter>
    </ClCompile>
    <ClCompile Include="src\Globals.cpp">
      <Filter>Source Files</Filter>
    </ClCompile>
    <ClCompile Include="src\Movable.cpp">
      <Filter>Source Files\Components</Filter>
    </ClCompile>
    <ClCompile Include="src\IComponent.cpp">
      <Filter>Source Files</Filter>
    </ClCompile>
    <ClCompile Include="src\TimeController.cpp">
      <Filter>Source Files</Filter>
    </ClCompile>
    <ClCompile Include="src\Health.cpp">
      <Filter>Source Files\Components</Filter>
    </ClCompile>
    <ClCompile Include="src\KeyboardInput.cpp">
      <Filter>Source Files\Components</Filter>
    </ClCompile>
    <ClCompile Include="src\MathHelper.cpp">
      <Filter>Source Files\Helper</Filter>
    </ClCompile>
    <ClCompile Include="src\Buillet.cpp">
      <Filter>Source Files\Entities</Filter>
    </ClCompile>
    <ClCompile Include="src\HitBox.cpp">
      <Filter>Source Files\Components</Filter>
    </ClCompile>
    <ClCompile Include="src\UtilMethods.cpp">
      <Filter>Source Files\Helper</Filter>
    </ClCompile>
    <ClCompile Include="src\SpriteManager.cpp">
      <Filter>Source Files\Library</Filter>
    </ClCompile>
    <ClCompile Include="src\CollisionBox.cpp">
      <Filter>Source Files\Components</Filter>
    </ClCompile>
    <ClCompile Include="src\DirtWall.cpp">
      <Filter>Source Files\Entities</Filter>
    </ClCompile>
    <ClCompile Include="src\Controller.cpp">
      <Filter>Source Files\Components</Filter>
    </ClCompile>
    <ClCompile Include="src\TitleScene.cpp">
      <Filter>Source Files\Scenes</Filter>
    </ClCompile>
    <ClCompile Include="src\SceneManager.cpp">
      <Filter>Source Files\Library</Filter>
    </ClCompile>
    <ClCompile Include="src\Tank.cpp">
      <Filter>Source Files\Entities</Filter>
    </ClCompile>
    <ClCompile Include="src\Player.cpp">
      <Filter>Source Files\Entities</Filter>
    </ClCompile>
    <ClCompile Include="src\Menu.cpp">
      <Filter>Source Files\Entities</Filter>
    </ClCompile>
    <ClCompile Include="src\InputTracker.cpp">
      <Filter>Source Files</Filter>
    </ClCompile>
    <ClCompile Include="src\CpuTank.cpp">
      <Filter>Source Files\Entities</Filter>
    </ClCompile>
    <ClCompile Include="src\TankControlledTank.cpp">
      <Filter>Source Files\Entities</Filter>
    </ClCompile>
    <ClCompile Include="src\ShotEntity.cpp">
      <Filter>Source Files\Components</Filter>
    </ClCompile>
    <ClCompile Include="src\Lob_Bullet.cpp">
      <Filter>Source Files\Entities\bullets</Filter>
    </ClCompile>
    <ClCompile Include="src\HealthBar.cpp">
      <Filter>Source Files\SpriteObjects</Filter>
    </ClCompile>
    <ClCompile Include="src\Map.cpp">
      <Filter>Source Files\Library</Filter>
    </ClCompile>
    <ClCompile Include="src\DecisionTree.cpp">
      <Filter>Source Files\Library</Filter>
    </ClCompile>
    <ClCompile Include="src\FrameCounterSpriteObject.cpp">
      <Filter>Source Files\SpriteObjects</Filter>
    </ClCompile>
    <ClCompile Include="src\PowerUp.cpp">
      <Filter>Source Files\Entities</Filter>
    </ClCompile>
  </ItemGroup>
</Project>